// !$*UTF8*$!
{
	archiveVersion = 1;
	classes = {
	};
	objectVersion = 50;
	objects = {

/* Begin PBXBuildFile section */
		48106AE221B5E38A0019B24B /* MessageService.swift in Sources */ = {isa = PBXBuildFile; fileRef = 48106AE121B5E38A0019B24B /* MessageService.swift */; };
		48106AE421B5E3EA0019B24B /* Channel.swift in Sources */ = {isa = PBXBuildFile; fileRef = 48106AE321B5E3EA0019B24B /* Channel.swift */; };
		4815730C21B5A1CA00C5A508 /* ProfileVC.swift in Sources */ = {isa = PBXBuildFile; fileRef = 4815730A21B5A1CA00C5A508 /* ProfileVC.swift */; };
		4815730D21B5A1CA00C5A508 /* ProfileVC.xib in Resources */ = {isa = PBXBuildFile; fileRef = 4815730B21B5A1CA00C5A508 /* ProfileVC.xib */; };
		4817F03C21B49EC600616EB2 /* CircleImage.swift in Sources */ = {isa = PBXBuildFile; fileRef = 4817F03B21B49EC600616EB2 /* CircleImage.swift */; };
		48396E6D21AC8B40002BDA0B /* GradientView.swift in Sources */ = {isa = PBXBuildFile; fileRef = 48396E6C21AC8B40002BDA0B /* GradientView.swift */; };
		48583BB321B1A53C0093B2EF /* RoundedButton.swift in Sources */ = {isa = PBXBuildFile; fileRef = 48583BB221B1A53C0093B2EF /* RoundedButton.swift */; };
		485E52B921AC50F800EB8D66 /* AppDelegate.swift in Sources */ = {isa = PBXBuildFile; fileRef = 485E52B821AC50F800EB8D66 /* AppDelegate.swift */; };
		485E52BE21AC50F800EB8D66 /* Main.storyboard in Resources */ = {isa = PBXBuildFile; fileRef = 485E52BC21AC50F800EB8D66 /* Main.storyboard */; };
		485E52C021AC50F900EB8D66 /* Assets.xcassets in Resources */ = {isa = PBXBuildFile; fileRef = 485E52BF21AC50F900EB8D66 /* Assets.xcassets */; };
		485E52C321AC50F900EB8D66 /* LaunchScreen.storyboard in Resources */ = {isa = PBXBuildFile; fileRef = 485E52C121AC50F900EB8D66 /* LaunchScreen.storyboard */; };
		4884ADDD21B449A8004B9C11 /* UserDataService.swift in Sources */ = {isa = PBXBuildFile; fileRef = 4884ADDC21B449A8004B9C11 /* UserDataService.swift */; };
		488DCC2F21BD9E7800BD6723 /* SocketService.swift in Sources */ = {isa = PBXBuildFile; fileRef = 488DCC2E21BD9E7800BD6723 /* SocketService.swift */; };
		48AB3E1B21BD780F00958370 /* AddChannelVC.swift in Sources */ = {isa = PBXBuildFile; fileRef = 48AB3E1921BD780F00958370 /* AddChannelVC.swift */; };
		48AB3E1C21BD780F00958370 /* AddChannelVC.xib in Resources */ = {isa = PBXBuildFile; fileRef = 48AB3E1A21BD780F00958370 /* AddChannelVC.xib */; };
		48AE96DF21B05CF000933099 /* Constants.swift in Sources */ = {isa = PBXBuildFile; fileRef = 48AE96DE21B05CF000933099 /* Constants.swift */; };
		48AE96E121B0666900933099 /* LoginVC.swift in Sources */ = {isa = PBXBuildFile; fileRef = 48AE96E021B0666900933099 /* LoginVC.swift */; };
		48B8D79421AC61D700458A44 /* SWRevealViewController.m in Sources */ = {isa = PBXBuildFile; fileRef = 48B8D79221AC61D700458A44 /* SWRevealViewController.m */; };
		48B8D79921AC684900458A44 /* ChatVC.swift in Sources */ = {isa = PBXBuildFile; fileRef = 48B8D79821AC684900458A44 /* ChatVC.swift */; };
		48B8D79B21AC685900458A44 /* ChannelVC.swift in Sources */ = {isa = PBXBuildFile; fileRef = 48B8D79A21AC685900458A44 /* ChannelVC.swift */; };
		48D4B84C21B46FC8007554DC /* AvatarPickerVC.swift in Sources */ = {isa = PBXBuildFile; fileRef = 48D4B84B21B46FC8007554DC /* AvatarPickerVC.swift */; };
		48D4B84E21B471A9007554DC /* AvatarCell.swift in Sources */ = {isa = PBXBuildFile; fileRef = 48D4B84D21B471A9007554DC /* AvatarCell.swift */; };
		48ED654621B0C34D00F780F9 /* AuthService.swift in Sources */ = {isa = PBXBuildFile; fileRef = 48ED654521B0C34D00F780F9 /* AuthService.swift */; };
		48EEF42821BC82620047FEE6 /* ChannelCell.swift in Sources */ = {isa = PBXBuildFile; fileRef = 48EEF42721BC82620047FEE6 /* ChannelCell.swift */; };
		48F9491221B0812900BD8265 /* CreateAccountVC.swift in Sources */ = {isa = PBXBuildFile; fileRef = 48F9491121B0812900BD8265 /* CreateAccountVC.swift */; };
		A6E341D17C689E59DCEB2292 /* Pods_Smack.framework in Frameworks */ = {isa = PBXBuildFile; fileRef = 9CF7E97A6960F264B9F151EB /* Pods_Smack.framework */; };
/* End PBXBuildFile section */

/* Begin PBXFileReference section */
		48106AE121B5E38A0019B24B /* MessageService.swift */ = {isa = PBXFileReference; lastKnownFileType = sourcecode.swift; path = MessageService.swift; sourceTree = "<group>"; };
		48106AE321B5E3EA0019B24B /* Channel.swift */ = {isa = PBXFileReference; lastKnownFileType = sourcecode.swift; path = Channel.swift; sourceTree = "<group>"; };
		4815730A21B5A1CA00C5A508 /* ProfileVC.swift */ = {isa = PBXFileReference; lastKnownFileType = sourcecode.swift; path = ProfileVC.swift; sourceTree = "<group>"; };
		4815730B21B5A1CA00C5A508 /* ProfileVC.xib */ = {isa = PBXFileReference; lastKnownFileType = file.xib; path = ProfileVC.xib; sourceTree = "<group>"; };
		4817F03B21B49EC600616EB2 /* CircleImage.swift */ = {isa = PBXFileReference; lastKnownFileType = sourcecode.swift; path = CircleImage.swift; sourceTree = "<group>"; };
		48396E6C21AC8B40002BDA0B /* GradientView.swift */ = {isa = PBXFileReference; lastKnownFileType = sourcecode.swift; path = GradientView.swift; sourceTree = "<group>"; };
		48583BB221B1A53C0093B2EF /* RoundedButton.swift */ = {isa = PBXFileReference; lastKnownFileType = sourcecode.swift; path = RoundedButton.swift; sourceTree = "<group>"; };
		485E52B521AC50F800EB8D66 /* Smack.app */ = {isa = PBXFileReference; explicitFileType = wrapper.application; includeInIndex = 0; path = Smack.app; sourceTree = BUILT_PRODUCTS_DIR; };
		485E52B821AC50F800EB8D66 /* AppDelegate.swift */ = {isa = PBXFileReference; lastKnownFileType = sourcecode.swift; path = AppDelegate.swift; sourceTree = "<group>"; };
		485E52BD21AC50F800EB8D66 /* Base */ = {isa = PBXFileReference; lastKnownFileType = file.storyboard; name = Base; path = Base.lproj/Main.storyboard; sourceTree = "<group>"; };
		485E52BF21AC50F900EB8D66 /* Assets.xcassets */ = {isa = PBXFileReference; lastKnownFileType = folder.assetcatalog; path = Assets.xcassets; sourceTree = "<group>"; };
		485E52C221AC50F900EB8D66 /* Base */ = {isa = PBXFileReference; lastKnownFileType = file.storyboard; name = Base; path = Base.lproj/LaunchScreen.storyboard; sourceTree = "<group>"; };
		485E52C421AC50F900EB8D66 /* Info.plist */ = {isa = PBXFileReference; lastKnownFileType = text.plist.xml; path = Info.plist; sourceTree = "<group>"; };
		4884ADDC21B449A8004B9C11 /* UserDataService.swift */ = {isa = PBXFileReference; lastKnownFileType = sourcecode.swift; path = UserDataService.swift; sourceTree = "<group>"; };
		488DCC2E21BD9E7800BD6723 /* SocketService.swift */ = {isa = PBXFileReference; lastKnownFileType = sourcecode.swift; path = SocketService.swift; sourceTree = "<group>"; };
		48AB3E1921BD780F00958370 /* AddChannelVC.swift */ = {isa = PBXFileReference; lastKnownFileType = sourcecode.swift; path = AddChannelVC.swift; sourceTree = "<group>"; };
		48AB3E1A21BD780F00958370 /* AddChannelVC.xib */ = {isa = PBXFileReference; lastKnownFileType = file.xib; path = AddChannelVC.xib; sourceTree = "<group>"; };
		48AE96DE21B05CF000933099 /* Constants.swift */ = {isa = PBXFileReference; lastKnownFileType = sourcecode.swift; path = Constants.swift; sourceTree = "<group>"; };
		48AE96E021B0666900933099 /* LoginVC.swift */ = {isa = PBXFileReference; lastKnownFileType = sourcecode.swift; path = LoginVC.swift; sourceTree = "<group>"; };
		48B8D79121AC61D600458A44 /* Smack-Bridging-Header.h */ = {isa = PBXFileReference; lastKnownFileType = sourcecode.c.h; path = "Smack-Bridging-Header.h"; sourceTree = "<group>"; };
		48B8D79221AC61D700458A44 /* SWRevealViewController.m */ = {isa = PBXFileReference; fileEncoding = 4; lastKnownFileType = sourcecode.c.objc; path = SWRevealViewController.m; sourceTree = "<group>"; };
		48B8D79321AC61D700458A44 /* SWRevealViewController.h */ = {isa = PBXFileReference; fileEncoding = 4; lastKnownFileType = sourcecode.c.h; path = SWRevealViewController.h; sourceTree = "<group>"; };
		48B8D79821AC684900458A44 /* ChatVC.swift */ = {isa = PBXFileReference; lastKnownFileType = sourcecode.swift; path = ChatVC.swift; sourceTree = "<group>"; };
		48B8D79A21AC685900458A44 /* ChannelVC.swift */ = {isa = PBXFileReference; lastKnownFileType = sourcecode.swift; path = ChannelVC.swift; sourceTree = "<group>"; };
		48D4B84B21B46FC8007554DC /* AvatarPickerVC.swift */ = {isa = PBXFileReference; lastKnownFileType = sourcecode.swift; path = AvatarPickerVC.swift; sourceTree = "<group>"; };
		48D4B84D21B471A9007554DC /* AvatarCell.swift */ = {isa = PBXFileReference; lastKnownFileType = sourcecode.swift; path = AvatarCell.swift; sourceTree = "<group>"; };
		48ED654521B0C34D00F780F9 /* AuthService.swift */ = {isa = PBXFileReference; lastKnownFileType = sourcecode.swift; path = AuthService.swift; sourceTree = "<group>"; };
		48EEF42721BC82620047FEE6 /* ChannelCell.swift */ = {isa = PBXFileReference; lastKnownFileType = sourcecode.swift; path = ChannelCell.swift; sourceTree = "<group>"; };
		48F9491121B0812900BD8265 /* CreateAccountVC.swift */ = {isa = PBXFileReference; lastKnownFileType = sourcecode.swift; path = CreateAccountVC.swift; sourceTree = "<group>"; };
		93005EC66AF12D2E4B38A44D /* Pods-Smack.release.xcconfig */ = {isa = PBXFileReference; includeInIndex = 1; lastKnownFileType = text.xcconfig; name = "Pods-Smack.release.xcconfig"; path = "Pods/Target Support Files/Pods-Smack/Pods-Smack.release.xcconfig"; sourceTree = "<group>"; };
		9CF7E97A6960F264B9F151EB /* Pods_Smack.framework */ = {isa = PBXFileReference; explicitFileType = wrapper.framework; includeInIndex = 0; path = Pods_Smack.framework; sourceTree = BUILT_PRODUCTS_DIR; };
		CC6EE606C062C8AC0BB59CDB /* Pods-Smack.debug.xcconfig */ = {isa = PBXFileReference; includeInIndex = 1; lastKnownFileType = text.xcconfig; name = "Pods-Smack.debug.xcconfig"; path = "Pods/Target Support Files/Pods-Smack/Pods-Smack.debug.xcconfig"; sourceTree = "<group>"; };
/* End PBXFileReference section */

/* Begin PBXFrameworksBuildPhase section */
		485E52B221AC50F800EB8D66 /* Frameworks */ = {
			isa = PBXFrameworksBuildPhase;
			buildActionMask = 2147483647;
			files = (
				A6E341D17C689E59DCEB2292 /* Pods_Smack.framework in Frameworks */,
			);
			runOnlyForDeploymentPostprocessing = 0;
		};
/* End PBXFrameworksBuildPhase section */

/* Begin PBXGroup section */
		4815730E21B5A1DE00C5A508 /* XIBs */ = {
			isa = PBXGroup;
			children = (
				48AB3E1A21BD780F00958370 /* AddChannelVC.xib */,
				4815730B21B5A1CA00C5A508 /* ProfileVC.xib */,
			);
			path = XIBs;
			sourceTree = "<group>";
		};
		485E52AC21AC50F800EB8D66 = {
			isa = PBXGroup;
			children = (
				485E52B721AC50F800EB8D66 /* Smack */,
				485E52B621AC50F800EB8D66 /* Products */,
				6849A05A9AB5666FF762E8EB /* Pods */,
				A302D63AFE0883CDAEB9A079 /* Frameworks */,
			);
			sourceTree = "<group>";
		};
		485E52B621AC50F800EB8D66 /* Products */ = {
			isa = PBXGroup;
			children = (
				485E52B521AC50F800EB8D66 /* Smack.app */,
			);
			name = Products;
			sourceTree = "<group>";
		};
		485E52B721AC50F800EB8D66 /* Smack */ = {
			isa = PBXGroup;
			children = (
				4815730E21B5A1DE00C5A508 /* XIBs */,
				48ED654421B0C33700F780F9 /* Services */,
				48AE96DD21B05CD300933099 /* Utilities */,
				48B8D79721AC682300458A44 /* Model */,
				48B8D79621AC681D00458A44 /* View */,
				48B8D79521AC681700458A44 /* Controller */,
				48B8D79021AC618500458A44 /* Supporting Files */,
				485E52B821AC50F800EB8D66 /* AppDelegate.swift */,
				485E52BC21AC50F800EB8D66 /* Main.storyboard */,
				485E52BF21AC50F900EB8D66 /* Assets.xcassets */,
				485E52C121AC50F900EB8D66 /* LaunchScreen.storyboard */,
				485E52C421AC50F900EB8D66 /* Info.plist */,
			);
			path = Smack;
			sourceTree = "<group>";
		};
		48AE96DD21B05CD300933099 /* Utilities */ = {
			isa = PBXGroup;
			children = (
				48AE96DE21B05CF000933099 /* Constants.swift */,
			);
			path = Utilities;
			sourceTree = "<group>";
		};
		48B8D79021AC618500458A44 /* Supporting Files */ = {
			isa = PBXGroup;
			children = (
				48B8D79321AC61D700458A44 /* SWRevealViewController.h */,
				48B8D79221AC61D700458A44 /* SWRevealViewController.m */,
				48B8D79121AC61D600458A44 /* Smack-Bridging-Header.h */,
			);
			path = "Supporting Files";
			sourceTree = "<group>";
		};
		48B8D79521AC681700458A44 /* Controller */ = {
			isa = PBXGroup;
			children = (
				48B8D79821AC684900458A44 /* ChatVC.swift */,
				48B8D79A21AC685900458A44 /* ChannelVC.swift */,
				48AE96E021B0666900933099 /* LoginVC.swift */,
				48F9491121B0812900BD8265 /* CreateAccountVC.swift */,
				48D4B84B21B46FC8007554DC /* AvatarPickerVC.swift */,
				4815730A21B5A1CA00C5A508 /* ProfileVC.swift */,
				48AB3E1921BD780F00958370 /* AddChannelVC.swift */,
			);
			path = Controller;
			sourceTree = "<group>";
		};
		48B8D79621AC681D00458A44 /* View */ = {
			isa = PBXGroup;
			children = (
				48396E6C21AC8B40002BDA0B /* GradientView.swift */,
				48583BB221B1A53C0093B2EF /* RoundedButton.swift */,
				48D4B84D21B471A9007554DC /* AvatarCell.swift */,
				4817F03B21B49EC600616EB2 /* CircleImage.swift */,
				48EEF42721BC82620047FEE6 /* ChannelCell.swift */,
			);
			path = View;
			sourceTree = "<group>";
		};
		48B8D79721AC682300458A44 /* Model */ = {
			isa = PBXGroup;
			children = (
				48106AE321B5E3EA0019B24B /* Channel.swift */,
			);
			path = Model;
			sourceTree = "<group>";
		};
		48ED654421B0C33700F780F9 /* Services */ = {
			isa = PBXGroup;
			children = (
				48ED654521B0C34D00F780F9 /* AuthService.swift */,
				4884ADDC21B449A8004B9C11 /* UserDataService.swift */,
				48106AE121B5E38A0019B24B /* MessageService.swift */,
				488DCC2E21BD9E7800BD6723 /* SocketService.swift */,
			);
			path = Services;
			sourceTree = "<group>";
		};
		6849A05A9AB5666FF762E8EB /* Pods */ = {
			isa = PBXGroup;
			children = (
				CC6EE606C062C8AC0BB59CDB /* Pods-Smack.debug.xcconfig */,
				93005EC66AF12D2E4B38A44D /* Pods-Smack.release.xcconfig */,
			);
			name = Pods;
			sourceTree = "<group>";
		};
		A302D63AFE0883CDAEB9A079 /* Frameworks */ = {
			isa = PBXGroup;
			children = (
				9CF7E97A6960F264B9F151EB /* Pods_Smack.framework */,
			);
			name = Frameworks;
			sourceTree = "<group>";
		};
/* End PBXGroup section */

/* Begin PBXNativeTarget section */
		485E52B421AC50F800EB8D66 /* Smack */ = {
			isa = PBXNativeTarget;
			buildConfigurationList = 485E52C721AC50F900EB8D66 /* Build configuration list for PBXNativeTarget "Smack" */;
			buildPhases = (
				46E414D012CC0165B652AF65 /* [CP] Check Pods Manifest.lock */,
				485E52B121AC50F800EB8D66 /* Sources */,
				485E52B221AC50F800EB8D66 /* Frameworks */,
				485E52B321AC50F800EB8D66 /* Resources */,
				8DE76D2BEF9BD3C2B86A63A9 /* [CP] Embed Pods Frameworks */,
			);
			buildRules = (
			);
			dependencies = (
			);
			name = Smack;
			productName = Smack;
			productReference = 485E52B521AC50F800EB8D66 /* Smack.app */;
			productType = "com.apple.product-type.application";
		};
/* End PBXNativeTarget section */

/* Begin PBXProject section */
		485E52AD21AC50F800EB8D66 /* Project object */ = {
			isa = PBXProject;
			attributes = {
				LastSwiftUpdateCheck = 1010;
				LastUpgradeCheck = 1010;
				ORGANIZATIONNAME = "Fred Lefevre";
				TargetAttributes = {
					485E52B421AC50F800EB8D66 = {
						CreatedOnToolsVersion = 10.1;
						LastSwiftMigration = 1010;
					};
				};
			};
			buildConfigurationList = 485E52B021AC50F800EB8D66 /* Build configuration list for PBXProject "Smack" */;
			compatibilityVersion = "Xcode 9.3";
			developmentRegion = en;
			hasScannedForEncodings = 0;
			knownRegions = (
				en,
				Base,
			);
			mainGroup = 485E52AC21AC50F800EB8D66;
			productRefGroup = 485E52B621AC50F800EB8D66 /* Products */;
			projectDirPath = "";
			projectRoot = "";
			targets = (
				485E52B421AC50F800EB8D66 /* Smack */,
			);
		};
/* End PBXProject section */

/* Begin PBXResourcesBuildPhase section */
		485E52B321AC50F800EB8D66 /* Resources */ = {
			isa = PBXResourcesBuildPhase;
			buildActionMask = 2147483647;
			files = (
				48AB3E1C21BD780F00958370 /* AddChannelVC.xib in Resources */,
				4815730D21B5A1CA00C5A508 /* ProfileVC.xib in Resources */,
				485E52C321AC50F900EB8D66 /* LaunchScreen.storyboard in Resources */,
				485E52C021AC50F900EB8D66 /* Assets.xcassets in Resources */,
				485E52BE21AC50F800EB8D66 /* Main.storyboard in Resources */,
			);
			runOnlyForDeploymentPostprocessing = 0;
		};
/* End PBXResourcesBuildPhase section */

/* Begin PBXShellScriptBuildPhase section */
		46E414D012CC0165B652AF65 /* [CP] Check Pods Manifest.lock */ = {
			isa = PBXShellScriptBuildPhase;
			buildActionMask = 2147483647;
			files = (
			);
			inputFileListPaths = (
			);
			inputPaths = (
				"${PODS_PODFILE_DIR_PATH}/Podfile.lock",
				"${PODS_ROOT}/Manifest.lock",
			);
			name = "[CP] Check Pods Manifest.lock";
			outputFileListPaths = (
			);
			outputPaths = (
				"$(DERIVED_FILE_DIR)/Pods-Smack-checkManifestLockResult.txt",
			);
			runOnlyForDeploymentPostprocessing = 0;
			shellPath = /bin/sh;
			shellScript = "diff \"${PODS_PODFILE_DIR_PATH}/Podfile.lock\" \"${PODS_ROOT}/Manifest.lock\" > /dev/null\nif [ $? != 0 ] ; then\n    # print error to STDERR\n    echo \"error: The sandbox is not in sync with the Podfile.lock. Run 'pod install' or update your CocoaPods installation.\" >&2\n    exit 1\nfi\n# This output is used by Xcode 'outputs' to avoid re-running this script phase.\necho \"SUCCESS\" > \"${SCRIPT_OUTPUT_FILE_0}\"\n";
			showEnvVarsInLog = 0;
		};
		8DE76D2BEF9BD3C2B86A63A9 /* [CP] Embed Pods Frameworks */ = {
			isa = PBXShellScriptBuildPhase;
			buildActionMask = 2147483647;
			files = (
			);
			inputFileListPaths = (
			);
			inputPaths = (
				"${SRCROOT}/Pods/Target Support Files/Pods-Smack/Pods-Smack-frameworks.sh",
				"${BUILT_PRODUCTS_DIR}/Alamofire/Alamofire.framework",
				"${BUILT_PRODUCTS_DIR}/Socket.IO-Client-Swift/SocketIO.framework",
				"${BUILT_PRODUCTS_DIR}/Starscream/Starscream.framework",
				"${BUILT_PRODUCTS_DIR}/SwiftyJSON/SwiftyJSON.framework",
			);
			name = "[CP] Embed Pods Frameworks";
			outputFileListPaths = (
			);
			outputPaths = (
				"${TARGET_BUILD_DIR}/${FRAMEWORKS_FOLDER_PATH}/Alamofire.framework",
				"${TARGET_BUILD_DIR}/${FRAMEWORKS_FOLDER_PATH}/SocketIO.framework",
				"${TARGET_BUILD_DIR}/${FRAMEWORKS_FOLDER_PATH}/Starscream.framework",
				"${TARGET_BUILD_DIR}/${FRAMEWORKS_FOLDER_PATH}/SwiftyJSON.framework",
			);
			runOnlyForDeploymentPostprocessing = 0;
			shellPath = /bin/sh;
			shellScript = "\"${SRCROOT}/Pods/Target Support Files/Pods-Smack/Pods-Smack-frameworks.sh\"\n";
			showEnvVarsInLog = 0;
		};
/* End PBXShellScriptBuildPhase section */

/* Begin PBXSourcesBuildPhase section */
		485E52B121AC50F800EB8D66 /* Sources */ = {
			isa = PBXSourcesBuildPhase;
			buildActionMask = 2147483647;
			files = (
				488DCC2F21BD9E7800BD6723 /* SocketService.swift in Sources */,
				4815730C21B5A1CA00C5A508 /* ProfileVC.swift in Sources */,
				48EEF42821BC82620047FEE6 /* ChannelCell.swift in Sources */,
				48B8D79B21AC685900458A44 /* ChannelVC.swift in Sources */,
				48D4B84C21B46FC8007554DC /* AvatarPickerVC.swift in Sources */,
				48583BB321B1A53C0093B2EF /* RoundedButton.swift in Sources */,
				48106AE421B5E3EA0019B24B /* Channel.swift in Sources */,
				4817F03C21B49EC600616EB2 /* CircleImage.swift in Sources */,
				48106AE221B5E38A0019B24B /* MessageService.swift in Sources */,
				48B8D79921AC684900458A44 /* ChatVC.swift in Sources */,
				4884ADDD21B449A8004B9C11 /* UserDataService.swift in Sources */,
				48F9491221B0812900BD8265 /* CreateAccountVC.swift in Sources */,
				48ED654621B0C34D00F780F9 /* AuthService.swift in Sources */,
				48AE96E121B0666900933099 /* LoginVC.swift in Sources */,
				48AB3E1B21BD780F00958370 /* AddChannelVC.swift in Sources */,
				48396E6D21AC8B40002BDA0B /* GradientView.swift in Sources */,
				48D4B84E21B471A9007554DC /* AvatarCell.swift in Sources */,
				485E52B921AC50F800EB8D66 /* AppDelegate.swift in Sources */,
				48B8D79421AC61D700458A44 /* SWRevealViewController.m in Sources */,
				48AE96DF21B05CF000933099 /* Constants.swift in Sources */,
			);
			runOnlyForDeploymentPostprocessing = 0;
		};
/* End PBXSourcesBuildPhase section */

/* Begin PBXVariantGroup section */
		485E52BC21AC50F800EB8D66 /* Main.storyboard */ = {
			isa = PBXVariantGroup;
			children = (
				485E52BD21AC50F800EB8D66 /* Base */,
			);
			name = Main.storyboard;
			sourceTree = "<group>";
		};
		485E52C121AC50F900EB8D66 /* LaunchScreen.storyboard */ = {
			isa = PBXVariantGroup;
			children = (
				485E52C221AC50F900EB8D66 /* Base */,
			);
			name = LaunchScreen.storyboard;
			sourceTree = "<group>";
		};
/* End PBXVariantGroup section */

/* Begin XCBuildConfiguration section */
		485E52C521AC50F900EB8D66 /* Debug */ = {
			isa = XCBuildConfiguration;
			buildSettings = {
				ALWAYS_SEARCH_USER_PATHS = NO;
				CLANG_ANALYZER_NONNULL = YES;
				CLANG_ANALYZER_NUMBER_OBJECT_CONVERSION = YES_AGGRESSIVE;
				CLANG_CXX_LANGUAGE_STANDARD = "gnu++14";
				CLANG_CXX_LIBRARY = "libc++";
				CLANG_ENABLE_MODULES = YES;
				CLANG_ENABLE_OBJC_ARC = YES;
				CLANG_ENABLE_OBJC_WEAK = YES;
				CLANG_WARN_BLOCK_CAPTURE_AUTORELEASING = YES;
				CLANG_WARN_BOOL_CONVERSION = YES;
				CLANG_WARN_COMMA = YES;
				CLANG_WARN_CONSTANT_CONVERSION = YES;
				CLANG_WARN_DEPRECATED_OBJC_IMPLEMENTATIONS = YES;
				CLANG_WARN_DIRECT_OBJC_ISA_USAGE = YES_ERROR;
				CLANG_WARN_DOCUMENTATION_COMMENTS = YES;
				CLANG_WARN_EMPTY_BODY = YES;
				CLANG_WARN_ENUM_CONVERSION = YES;
				CLANG_WARN_INFINITE_RECURSION = YES;
				CLANG_WARN_INT_CONVERSION = YES;
				CLANG_WARN_NON_LITERAL_NULL_CONVERSION = YES;
				CLANG_WARN_OBJC_IMPLICIT_RETAIN_SELF = YES;
				CLANG_WARN_OBJC_LITERAL_CONVERSION = YES;
				CLANG_WARN_OBJC_ROOT_CLASS = YES_ERROR;
				CLANG_WARN_RANGE_LOOP_ANALYSIS = YES;
				CLANG_WARN_STRICT_PROTOTYPES = YES;
				CLANG_WARN_SUSPICIOUS_MOVE = YES;
				CLANG_WARN_UNGUARDED_AVAILABILITY = YES_AGGRESSIVE;
				CLANG_WARN_UNREACHABLE_CODE = YES;
				CLANG_WARN__DUPLICATE_METHOD_MATCH = YES;
				CODE_SIGN_IDENTITY = "iPhone Developer";
				COPY_PHASE_STRIP = NO;
				DEBUG_INFORMATION_FORMAT = dwarf;
				ENABLE_STRICT_OBJC_MSGSEND = YES;
				ENABLE_TESTABILITY = YES;
				GCC_C_LANGUAGE_STANDARD = gnu11;
				GCC_DYNAMIC_NO_PIC = NO;
				GCC_NO_COMMON_BLOCKS = YES;
				GCC_OPTIMIZATION_LEVEL = 0;
				GCC_PREPROCESSOR_DEFINITIONS = (
					"DEBUG=1",
					"$(inherited)",
				);
				GCC_WARN_64_TO_32_BIT_CONVERSION = YES;
				GCC_WARN_ABOUT_RETURN_TYPE = YES_ERROR;
				GCC_WARN_UNDECLARED_SELECTOR = YES;
				GCC_WARN_UNINITIALIZED_AUTOS = YES_AGGRESSIVE;
				GCC_WARN_UNUSED_FUNCTION = YES;
				GCC_WARN_UNUSED_VARIABLE = YES;
				IPHONEOS_DEPLOYMENT_TARGET = 12.1;
				MTL_ENABLE_DEBUG_INFO = INCLUDE_SOURCE;
				MTL_FAST_MATH = YES;
				ONLY_ACTIVE_ARCH = YES;
				SDKROOT = iphoneos;
				SWIFT_ACTIVE_COMPILATION_CONDITIONS = DEBUG;
				SWIFT_OPTIMIZATION_LEVEL = "-Onone";
			};
			name = Debug;
		};
		485E52C621AC50F900EB8D66 /* Release */ = {
			isa = XCBuildConfiguration;
			buildSettings = {
				ALWAYS_SEARCH_USER_PATHS = NO;
				CLANG_ANALYZER_NONNULL = YES;
				CLANG_ANALYZER_NUMBER_OBJECT_CONVERSION = YES_AGGRESSIVE;
				CLANG_CXX_LANGUAGE_STANDARD = "gnu++14";
				CLANG_CXX_LIBRARY = "libc++";
				CLANG_ENABLE_MODULES = YES;
				CLANG_ENABLE_OBJC_ARC = YES;
				CLANG_ENABLE_OBJC_WEAK = YES;
				CLANG_WARN_BLOCK_CAPTURE_AUTORELEASING = YES;
				CLANG_WARN_BOOL_CONVERSION = YES;
				CLANG_WARN_COMMA = YES;
				CLANG_WARN_CONSTANT_CONVERSION = YES;
				CLANG_WARN_DEPRECATED_OBJC_IMPLEMENTATIONS = YES;
				CLANG_WARN_DIRECT_OBJC_ISA_USAGE = YES_ERROR;
				CLANG_WARN_DOCUMENTATION_COMMENTS = YES;
				CLANG_WARN_EMPTY_BODY = YES;
				CLANG_WARN_ENUM_CONVERSION = YES;
				CLANG_WARN_INFINITE_RECURSION = YES;
				CLANG_WARN_INT_CONVERSION = YES;
				CLANG_WARN_NON_LITERAL_NULL_CONVERSION = YES;
				CLANG_WARN_OBJC_IMPLICIT_RETAIN_SELF = YES;
				CLANG_WARN_OBJC_LITERAL_CONVERSION = YES;
				CLANG_WARN_OBJC_ROOT_CLASS = YES_ERROR;
				CLANG_WARN_RANGE_LOOP_ANALYSIS = YES;
				CLANG_WARN_STRICT_PROTOTYPES = YES;
				CLANG_WARN_SUSPICIOUS_MOVE = YES;
				CLANG_WARN_UNGUARDED_AVAILABILITY = YES_AGGRESSIVE;
				CLANG_WARN_UNREACHABLE_CODE = YES;
				CLANG_WARN__DUPLICATE_METHOD_MATCH = YES;
				CODE_SIGN_IDENTITY = "iPhone Developer";
				COPY_PHASE_STRIP = NO;
				DEBUG_INFORMATION_FORMAT = "dwarf-with-dsym";
				ENABLE_NS_ASSERTIONS = NO;
				ENABLE_STRICT_OBJC_MSGSEND = YES;
				GCC_C_LANGUAGE_STANDARD = gnu11;
				GCC_NO_COMMON_BLOCKS = YES;
				GCC_WARN_64_TO_32_BIT_CONVERSION = YES;
				GCC_WARN_ABOUT_RETURN_TYPE = YES_ERROR;
				GCC_WARN_UNDECLARED_SELECTOR = YES;
				GCC_WARN_UNINITIALIZED_AUTOS = YES_AGGRESSIVE;
				GCC_WARN_UNUSED_FUNCTION = YES;
				GCC_WARN_UNUSED_VARIABLE = YES;
				IPHONEOS_DEPLOYMENT_TARGET = 12.1;
				MTL_ENABLE_DEBUG_INFO = NO;
				MTL_FAST_MATH = YES;
				SDKROOT = iphoneos;
				SWIFT_COMPILATION_MODE = wholemodule;
				SWIFT_OPTIMIZATION_LEVEL = "-O";
				VALIDATE_PRODUCT = YES;
			};
			name = Release;
		};
		485E52C821AC50F900EB8D66 /* Debug */ = {
			isa = XCBuildConfiguration;
			baseConfigurationReference = CC6EE606C062C8AC0BB59CDB /* Pods-Smack.debug.xcconfig */;
			buildSettings = {
				ASSETCATALOG_COMPILER_APPICON_NAME = AppIcon;
				CLANG_ENABLE_MODULES = YES;
				CODE_SIGN_STYLE = Automatic;
				DEVELOPMENT_TEAM = R6V3TXD99T;
				INFOPLIST_FILE = Smack/Info.plist;
				LD_RUNPATH_SEARCH_PATHS = (
					"$(inherited)",
					"@executable_path/Frameworks",
				);
				PRODUCT_BUNDLE_IDENTIFIER = com.fredlefevre.Smack;
				PRODUCT_NAME = "$(TARGET_NAME)";
				SWIFT_OBJC_BRIDGING_HEADER = "Smack/Supporting Files/Smack-Bridging-Header.h";
				SWIFT_OPTIMIZATION_LEVEL = "-Onone";
				SWIFT_VERSION = 4.2;
				TARGETED_DEVICE_FAMILY = "1,2";
			};
			name = Debug;
		};
		485E52C921AC50F900EB8D66 /* Release */ = {
			isa = XCBuildConfiguration;
			baseConfigurationReference = 93005EC66AF12D2E4B38A44D /* Pods-Smack.release.xcconfig */;
			buildSettings = {
				ASSETCATALOG_COMPILER_APPICON_NAME = AppIcon;
				CLANG_ENABLE_MODULES = YES;
				CODE_SIGN_STYLE = Automatic;
				DEVELOPMENT_TEAM = R6V3TXD99T;
				INFOPLIST_FILE = Smack/Info.plist;
				LD_RUNPATH_SEARCH_PATHS = (
					"$(inherited)",
					"@executable_path/Frameworks",
				);
				PRODUCT_BUNDLE_IDENTIFIER = com.fredlefevre.Smack;
				PRODUCT_NAME = "$(TARGET_NAME)";
				SWIFT_OBJC_BRIDGING_HEADER = "Smack/Supporting Files/Smack-Bridging-Header.h";
				SWIFT_VERSION = 4.2;
				TARGETED_DEVICE_FAMILY = "1,2";
			};
			name = Release;
		};
/* End XCBuildConfiguration section */

/* Begin XCConfigurationList section */
		485E52B021AC50F800EB8D66 /* Build configuration list for PBXProject "Smack" */ = {
			isa = XCConfigurationList;
			buildConfigurations = (
				485E52C521AC50F900EB8D66 /* Debug */,
				485E52C621AC50F900EB8D66 /* Release */,
			);
			defaultConfigurationIsVisible = 0;
			defaultConfigurationName = Release;
		};
		485E52C721AC50F900EB8D66 /* Build configuration list for PBXNativeTarget "Smack" */ = {
			isa = XCConfigurationList;
			buildConfigurations = (
				485E52C821AC50F900EB8D66 /* Debug */,
				485E52C921AC50F900EB8D66 /* Release */,
			);
			defaultConfigurationIsVisible = 0;
			defaultConfigurationName = Release;
		};
/* End XCConfigurationList section */
	};
	rootObject = 485E52AD21AC50F800EB8D66 /* Project object */;
}
